
Microsoft Visual Studio Solution File, Format Version 12.00
# Visual Studio Version 16
VisualStudioVersion = 16.0.30225.117
MinimumVisualStudioVersion = 10.0.40219.1
Project("{FAE04EC0-301F-11D3-BF4B-00C04F79EFBC}") = "TheChosenCarAPI", "TheChosenCarAPI.csproj", "{6DF2F703-61A1-427E-8365-2196F4298088}"
EndProject
Project("{FAE04EC0-301F-11D3-BF4B-00C04F79EFBC}") = "TheChosenCarAPI.Domain", "..\TheChosenCarAPI.Domain\TheChosenCarAPI.Domain.csproj", "{4622E5FC-7898-47D4-A2CD-44B7CF8514AF}"
EndProject
Project("{FAE04EC0-301F-11D3-BF4B-00C04F79EFBC}") = "TheChosenCarAPI.Common", "..\TheChosenCarAPI.Common\TheChosenCarAPI.Common.csproj", "{5D4CCE40-A30E-4AAB-B031-2971ECF7EA20}"
EndProject
Project("{FAE04EC0-301F-11D3-BF4B-00C04F79EFBC}") = "TheChosenCarAPI.BusinessLogic", "..\TheChosenCarAPI.BusinessLogic\TheChosenCarAPI.BusinessLogic.csproj", "{B2826920-FD65-420F-B5F5-B8DDFA5F441F}"
EndProject
Project("{FAE04EC0-301F-11D3-BF4B-00C04F79EFBC}") = "TheChosenCarAPI.DataAccess", "..\TheChosenCarAPI.DataAccess\TheChosenCarAPI.DataAccess.csproj", "{998682EB-EFDB-4CF1-A5D6-53B8C34C5F7C}"
EndProject
Global
	GlobalSection(SolutionConfigurationPlatforms) = preSolution
		Debug|Any CPU = Debug|Any CPU
		Release|Any CPU = Release|Any CPU
	EndGlobalSection
	GlobalSection(ProjectConfigurationPlatforms) = postSolution
		{6DF2F703-61A1-427E-8365-2196F4298088}.Debug|Any CPU.ActiveCfg = Debug|Any CPU
		{6DF2F703-61A1-427E-8365-2196F4298088}.Debug|Any CPU.Build.0 = Debug|Any CPU
		{6DF2F703-61A1-427E-8365-2196F4298088}.Release|Any CPU.ActiveCfg = Release|Any CPU
		{6DF2F703-61A1-427E-8365-2196F4298088}.Release|Any CPU.Build.0 = Release|Any CPU
		{4622E5FC-7898-47D4-A2CD-44B7CF8514AF}.Debug|Any CPU.ActiveCfg = Debug|Any CPU
		{4622E5FC-7898-47D4-A2CD-44B7CF8514AF}.Debug|Any CPU.Build.0 = Debug|Any CPU
		{4622E5FC-7898-47D4-A2CD-44B7CF8514AF}.Release|Any CPU.ActiveCfg = Release|Any CPU
		{4622E5FC-7898-47D4-A2CD-44B7CF8514AF}.Release|Any CPU.Build.0 = Release|Any CPU
		{5D4CCE40-A30E-4AAB-B031-2971ECF7EA20}.Debug|Any CPU.ActiveCfg = Debug|Any CPU
		{5D4CCE40-A30E-4AAB-B031-2971ECF7EA20}.Debug|Any CPU.Build.0 = Debug|Any CPU
		{5D4CCE40-A30E-4AAB-B031-2971ECF7EA20}.Release|Any CPU.ActiveCfg = Release|Any CPU
		{5D4CCE40-A30E-4AAB-B031-2971ECF7EA20}.Release|Any CPU.Build.0 = Release|Any CPU
		{B2826920-FD65-420F-B5F5-B8DDFA5F441F}.Debug|Any CPU.ActiveCfg = Debug|Any CPU
		{B2826920-FD65-420F-B5F5-B8DDFA5F441F}.Debug|Any CPU.Build.0 = Debug|Any CPU
		{B2826920-FD65-420F-B5F5-B8DDFA5F441F}.Release|Any CPU.ActiveCfg = Release|Any CPU
		{B2826920-FD65-420F-B5F5-B8DDFA5F441F}.Release|Any CPU.Build.0 = Release|Any CPU
		{998682EB-EFDB-4CF1-A5D6-53B8C34C5F7C}.Debug|Any CPU.ActiveCfg = Debug|Any CPU
		{998682EB-EFDB-4CF1-A5D6-53B8C34C5F7C}.Debug|Any CPU.Build.0 = Debug|Any CPU
		{998682EB-EFDB-4CF1-A5D6-53B8C34C5F7C}.Release|Any CPU.ActiveCfg = Release|Any CPU
		{998682EB-EFDB-4CF1-A5D6-53B8C34C5F7C}.Release|Any CPU.Build.0 = Release|Any CPU
	EndGlobalSection
	GlobalSection(SolutionProperties) = preSolution
		HideSolutionNode = FALSE
	EndGlobalSection
	GlobalSection(ExtensibilityGlobals) = postSolution
		SolutionGuid = {4D2F1931-1F0F-4967-A5B3-98168DB7787B}
	EndGlobalSection
EndGlobal
